
Microsoft Visual Studio Solution File, Format Version 12.00
# Visual Studio 15
VisualStudioVersion = 15.0.26730.16
MinimumVisualStudioVersion = 10.0.40219.1
Project("{FAE04EC0-301F-11D3-BF4B-00C04F79EFBC}") = "FunctionApp2", "FunctionApp2\FunctionApp2.csproj", "{EC836961-348A-4727-855B-4BF975B724D2}"
EndProject
Global
	GlobalSection(SolutionConfigurationPlatforms) = preSolution
		Debug|Any CPU = Debug|Any CPU
		Release|Any CPU = Release|Any CPU
	EndGlobalSection
	GlobalSection(ProjectConfigurationPlatforms) = postSolution
		{EC836961-348A-4727-855B-4BF975B724D2}.Debug|Any CPU.ActiveCfg = Debug|Any CPU
		{EC836961-348A-4727-855B-4BF975B724D2}.Debug|Any CPU.Build.0 = Debug|Any CPU
		{EC836961-348A-4727-855B-4BF975B724D2}.Release|Any CPU.ActiveCfg = Release|Any CPU
		{EC836961-348A-4727-855B-4BF975B724D2}.Release|Any CPU.Build.0 = Release|Any CPU
	EndGlobalSection
	GlobalSection(SolutionProperties) = preSolution
		HideSolutionNode = FALSE
	EndGlobalSection
	GlobalSection(ExtensibilityGlobals) = postSolution
		SolutionGuid = {1E8E01BE-E9C7-4CAD-8F58-C1DF3CC29E52}
	EndGlobalSection
EndGlobal
